Microsoft Visual Studio Solution File, Format Version 12.00
# Visual Studio Version 17
VisualStudioVersion = 17.5.2.0
MinimumVisualStudioVersion = 10.0.40219.1
Project("{FAE04EC0-301F-11D3-BF4B-00C04F79EFBC}") = "PayFlow.PointsApi", "PayFlow.PointsApi\PayFlow.PointsApi.csproj", "{2B504E07-3570-4A41-4FA1-C278DB565C7D}"
EndProject
Global
	GlobalSection(SolutionConfigurationPlatforms) = preSolution
		Debug|Any CPU = Debug|Any CPU
		Release|Any CPU = Release|Any CPU
	EndGlobalSection
	GlobalSection(ProjectConfigurationPlatforms) = postSolution
		{2B504E07-3570-4A41-4FA1-C278DB565C7D}.Debug|Any CPU.ActiveCfg = Debug|Any CPU
		{2B504E07-3570-4A41-4FA1-C278DB565C7D}.Debug|Any CPU.Build.0 = Debug|Any CPU
		{2B504E07-3570-4A41-4FA1-C278DB565C7D}.Release|Any CPU.ActiveCfg = Release|Any CPU
		{2B504E07-3570-4A41-4FA1-C278DB565C7D}.Release|Any CPU.Build.0 = Release|Any CPU
	EndGlobalSection
	GlobalSection(SolutionProperties) = preSolution
		HideSolutionNode = FALSE
	EndGlobalSection
	GlobalSection(ExtensibilityGlobals) = postSolution
		SolutionGuid = {AC84B23E-8DFA-401E-8F5A-964FA86DDEB4}
	EndGlobalSection
EndGlobal
